
Microsoft Visual Studio Solution File, Format Version 12.00
# Visual Studio Version 17
VisualStudioVersion = 17.0.31903.59
MinimumVisualStudioVersion = 10.0.40219.1
Project("{2150E333-8FDC-42A3-9474-1A3956D46DE8}") = "Services", "Services", "{610A5033-8FB8-4E73-804E-16C698728476}"
EndProject
Project("{2150E333-8FDC-42A3-9474-1A3956D46DE8}") = "Catalog", "Catalog", "{4241465E-F9B9-4C64-B92A-53AE597042A8}"
EndProject
Project("{FAE04EC0-301F-11D3-BF4B-00C04F79EFBC}") = "Catalog.API", "Services\Catalog\Catalog.API\Catalog.API.csproj", "{F0B17C43-F968-4D2C-9D79-4AE309E41B16}"
EndProject
Global
	GlobalSection(SolutionConfigurationPlatforms) = preSolution
		Debug|Any CPU = Debug|Any CPU
		Release|Any CPU = Release|Any CPU
	EndGlobalSection
	GlobalSection(ProjectConfigurationPlatforms) = postSolution
		{F0B17C43-F968-4D2C-9D79-4AE309E41B16}.Debug|Any CPU.ActiveCfg = Debug|Any CPU
		{F0B17C43-F968-4D2C-9D79-4AE309E41B16}.Debug|Any CPU.Build.0 = Debug|Any CPU
		{F0B17C43-F968-4D2C-9D79-4AE309E41B16}.Release|Any CPU.ActiveCfg = Release|Any CPU
		{F0B17C43-F968-4D2C-9D79-4AE309E41B16}.Release|Any CPU.Build.0 = Release|Any CPU
	EndGlobalSection
	GlobalSection(SolutionProperties) = preSolution
		HideSolutionNode = FALSE
	EndGlobalSection
	GlobalSection(NestedProjects) = preSolution
		{4241465E-F9B9-4C64-B92A-53AE597042A8} = {610A5033-8FB8-4E73-804E-16C698728476}
		{F0B17C43-F968-4D2C-9D79-4AE309E41B16} = {4241465E-F9B9-4C64-B92A-53AE597042A8}
	EndGlobalSection
	GlobalSection(ExtensibilityGlobals) = postSolution
		SolutionGuid = {5032BCCB-2B68-4907-8DDF-02CA77CE2880}
	EndGlobalSection
EndGlobal
